
Microsoft Visual Studio Solution File, Format Version 12.00
# Visual Studio 15
VisualStudioVersion = 15.0.27703.2000
MinimumVisualStudioVersion = 10.0.40219.1
Project("{FAE04EC0-301F-11D3-BF4B-00C04F79EFBC}") = "CourseProject", "CourseProject\CourseProject.csproj", "{402D6258-BE39-4956-A75C-42F73868D9D3}"
EndProject
Project("{FAE04EC0-301F-11D3-BF4B-00C04F79EFBC}") = "CourseProject.db", "CourseProject.db\CourseProject.db.csproj", "{2EC47FC6-FB2F-4BEA-9A40-3DD7176F641F}"
EndProject
Project("{FAE04EC0-301F-11D3-BF4B-00C04F79EFBC}") = "CourseProject.DataAccess", "CourseProject.DataAccess\CourseProject.DataAccess.csproj", "{C5AFD36C-624A-4B4C-B7EA-436BD52A4523}"
EndProject
Global
	GlobalSection(SolutionConfigurationPlatforms) = preSolution
		Debug|Any CPU = Debug|Any CPU
		Release|Any CPU = Release|Any CPU
	EndGlobalSection
	GlobalSection(ProjectConfigurationPlatforms) = postSolution
		{402D6258-BE39-4956-A75C-42F73868D9D3}.Debug|Any CPU.ActiveCfg = Debug|Any CPU
		{402D6258-BE39-4956-A75C-42F73868D9D3}.Debug|Any CPU.Build.0 = Debug|Any CPU
		{402D6258-BE39-4956-A75C-42F73868D9D3}.Release|Any CPU.ActiveCfg = Release|Any CPU
		{402D6258-BE39-4956-A75C-42F73868D9D3}.Release|Any CPU.Build.0 = Release|Any CPU
		{2EC47FC6-FB2F-4BEA-9A40-3DD7176F641F}.Debug|Any CPU.ActiveCfg = Debug|Any CPU
		{2EC47FC6-FB2F-4BEA-9A40-3DD7176F641F}.Debug|Any CPU.Build.0 = Debug|Any CPU
		{2EC47FC6-FB2F-4BEA-9A40-3DD7176F641F}.Release|Any CPU.ActiveCfg = Release|Any CPU
		{2EC47FC6-FB2F-4BEA-9A40-3DD7176F641F}.Release|Any CPU.Build.0 = Release|Any CPU
		{C5AFD36C-624A-4B4C-B7EA-436BD52A4523}.Debug|Any CPU.ActiveCfg = Debug|Any CPU
		{C5AFD36C-624A-4B4C-B7EA-436BD52A4523}.Debug|Any CPU.Build.0 = Debug|Any CPU
		{C5AFD36C-624A-4B4C-B7EA-436BD52A4523}.Release|Any CPU.ActiveCfg = Release|Any CPU
		{C5AFD36C-624A-4B4C-B7EA-436BD52A4523}.Release|Any CPU.Build.0 = Release|Any CPU
	EndGlobalSection
	GlobalSection(SolutionProperties) = preSolution
		HideSolutionNode = FALSE
	EndGlobalSection
	GlobalSection(ExtensibilityGlobals) = postSolution
		SolutionGuid = {5A47E40C-E722-46EF-899B-0525217FB6E9}
	EndGlobalSection
EndGlobal
